
Microsoft Visual Studio Solution File, Format Version 12.00
# Visual Studio Version 17
VisualStudioVersion = 17.4.33205.214
MinimumVisualStudioVersion = 10.0.40219.1
Project("{FAE04EC0-301F-11D3-BF4B-00C04F79EFBC}") = "Livros", "Livros\Livros.csproj", "{606A9B93-CBF2-44F3-B3C2-75B41B22F46D}"
EndProject
Global
	GlobalSection(SolutionConfigurationPlatforms) = preSolution
		Debug|Any CPU = Debug|Any CPU
		Release|Any CPU = Release|Any CPU
	EndGlobalSection
	GlobalSection(ProjectConfigurationPlatforms) = postSolution
		{606A9B93-CBF2-44F3-B3C2-75B41B22F46D}.Debug|Any CPU.ActiveCfg = Debug|Any CPU
		{606A9B93-CBF2-44F3-B3C2-75B41B22F46D}.Debug|Any CPU.Build.0 = Debug|Any CPU
		{606A9B93-CBF2-44F3-B3C2-75B41B22F46D}.Release|Any CPU.ActiveCfg = Release|Any CPU
		{606A9B93-CBF2-44F3-B3C2-75B41B22F46D}.Release|Any CPU.Build.0 = Release|Any CPU
	EndGlobalSection
	GlobalSection(SolutionProperties) = preSolution
		HideSolutionNode = FALSE
	EndGlobalSection
	GlobalSection(ExtensibilityGlobals) = postSolution
		SolutionGuid = {EBF901A5-FE62-463B-A22F-DB1C1C9C5CB7}
	EndGlobalSection
EndGlobal
